
Microsoft Visual Studio Solution File, Format Version 12.00
# Visual Studio Version 17
VisualStudioVersion = 17.12.35527.113
MinimumVisualStudioVersion = 10.0.40219.1
Project("{8BC9CEB8-8B4A-11D0-8D11-00A0C91BC942}") = "EtherRecorder", "EtherRecorder\EtherRecorder.vcxproj", "{B48A6B1A-966B-4154-AC61-299709C2FABF}"
	ProjectSection(ProjectDependencies) = postProject
		{3998C4DE-FE2E-4BFC-BC97-23F3967E38CB} = {3998C4DE-FE2E-4BFC-BC97-23F3967E38CB}
	EndProjectSection
EndProject
Project("{8BC9CEB8-8B4A-11D0-8D11-00A0C91BC942}") = "PlatformLayer", "PlatformLayer\PlatformLayer.vcxproj", "{3998C4DE-FE2E-4BFC-BC97-23F3967E38CB}"
EndProject
Global
	GlobalSection(SolutionConfigurationPlatforms) = preSolution
		Debug|ARM64 = Debug|ARM64
		Debug|x64 = Debug|x64
		Debug|x86 = Debug|x86
		Release|ARM64 = Release|ARM64
		Release|x64 = Release|x64
		Release|x86 = Release|x86
	EndGlobalSection
	GlobalSection(ProjectConfigurationPlatforms) = postSolution
		{B48A6B1A-966B-4154-AC61-299709C2FABF}.Debug|ARM64.ActiveCfg = Debug|ARM64
		{B48A6B1A-966B-4154-AC61-299709C2FABF}.Debug|ARM64.Build.0 = Debug|ARM64
		{B48A6B1A-966B-4154-AC61-299709C2FABF}.Debug|x64.ActiveCfg = Debug|x64
		{B48A6B1A-966B-4154-AC61-299709C2FABF}.Debug|x64.Build.0 = Debug|x64
		{B48A6B1A-966B-4154-AC61-299709C2FABF}.Debug|x86.ActiveCfg = Debug|Win32
		{B48A6B1A-966B-4154-AC61-299709C2FABF}.Debug|x86.Build.0 = Debug|Win32
		{B48A6B1A-966B-4154-AC61-299709C2FABF}.Release|ARM64.ActiveCfg = Release|ARM64
		{B48A6B1A-966B-4154-AC61-299709C2FABF}.Release|ARM64.Build.0 = Release|ARM64
		{B48A6B1A-966B-4154-AC61-299709C2FABF}.Release|x64.ActiveCfg = Release|x64
		{B48A6B1A-966B-4154-AC61-299709C2FABF}.Release|x64.Build.0 = Release|x64
		{B48A6B1A-966B-4154-AC61-299709C2FABF}.Release|x86.ActiveCfg = Release|Win32
		{B48A6B1A-966B-4154-AC61-299709C2FABF}.Release|x86.Build.0 = Release|Win32
		{3998C4DE-FE2E-4BFC-BC97-23F3967E38CB}.Debug|ARM64.ActiveCfg = Debug|ARM64
		{3998C4DE-FE2E-4BFC-BC97-23F3967E38CB}.Debug|ARM64.Build.0 = Debug|ARM64
		{3998C4DE-FE2E-4BFC-BC97-23F3967E38CB}.Debug|x64.ActiveCfg = Debug|x64
		{3998C4DE-FE2E-4BFC-BC97-23F3967E38CB}.Debug|x64.Build.0 = Debug|x64
		{3998C4DE-FE2E-4BFC-BC97-23F3967E38CB}.Debug|x86.ActiveCfg = Debug|Win32
		{3998C4DE-FE2E-4BFC-BC97-23F3967E38CB}.Debug|x86.Build.0 = Debug|Win32
		{3998C4DE-FE2E-4BFC-BC97-23F3967E38CB}.Release|ARM64.ActiveCfg = Release|ARM64
		{3998C4DE-FE2E-4BFC-BC97-23F3967E38CB}.Release|ARM64.Build.0 = Release|ARM64
		{3998C4DE-FE2E-4BFC-BC97-23F3967E38CB}.Release|x64.ActiveCfg = Release|x64
		{3998C4DE-FE2E-4BFC-BC97-23F3967E38CB}.Release|x64.Build.0 = Release|x64
		{3998C4DE-FE2E-4BFC-BC97-23F3967E38CB}.Release|x86.ActiveCfg = Release|Win32
		{3998C4DE-FE2E-4BFC-BC97-23F3967E38CB}.Release|x86.Build.0 = Release|Win32
	EndGlobalSection
	GlobalSection(SolutionProperties) = preSolution
		HideSolutionNode = FALSE
	EndGlobalSection
EndGlobal
