<?xml version="1.0" encoding="utf-8"?>
<Project ToolsVersion="4.0" xmlns="http://schemas.microsoft.com/developer/msbuild/2003">
  <ItemGroup>
    <Filter Include="Source Files">
      <UniqueIdentifier>{14728ba6-a996-4c38-9ce1-972bd16130f7}</UniqueIdentifier>
      <Extensions>cpp;c;cc;cxx;c++;cppm;ixx;def;odl;idl;hpj;bat;asm;asmx</Extensions>
    </Filter>
    <Filter Include="Header Files">
      <UniqueIdentifier>{cf8948e2-e099-4b6a-b737-89c553dcd739}</UniqueIdentifier>
      <Extensions>h;hh;hpp;hxx;h++;hm;inl;inc;ipp;xsd</Extensions>
    </Filter>
  </ItemGroup>
  <ItemGroup>
    <ClCompile Include="src\app_config.c">
      <Filter>Source Files</Filter>
    </ClCompile>
    <ClCompile Include="src\app_error.c">
      <Filter>Source Files</Filter>
    </ClCompile>
    <ClCompile Include="src\app_thread.c">
      <Filter>Source Files</Filter>
    </ClCompile>
    <ClCompile Include="src\client_manager.c">
      <Filter>Source Files</Filter>
    </ClCompile>
    <ClCompile Include="src\comm_context.c">
      <Filter>Source Files</Filter>
    </ClCompile>
    <ClCompile Include="src\command_interface.c">
      <Filter>Source Files</Filter>
    </ClCompile>
    <ClCompile Include="src\command_processor.c">
      <Filter>Source Files</Filter>
    </ClCompile>
    <ClCompile Include="src\demo_heartbeat_thread.c">
      <Filter>Source Files</Filter>
    </ClCompile>
    <ClCompile Include="src\file_reader.c">
      <Filter>Source Files</Filter>
    </ClCompile>
    <ClCompile Include="src\log_queue.c">
      <Filter>Source Files</Filter>
    </ClCompile>
    <ClCompile Include="src\logger.c">
      <Filter>Source Files</Filter>
    </ClCompile>
    <ClCompile Include="src\main.c">
      <Filter>Source Files</Filter>
    </ClCompile>
    <ClCompile Include="src\message_queue.c">
      <Filter>Source Files</Filter>
    </ClCompile>
    <ClCompile Include="src\server_manager.c">
      <Filter>Source Files</Filter>
    </ClCompile>
    <ClCompile Include="src\thread_registry.c">
      <Filter>Source Files</Filter>
    </ClCompile>
    <ClCompile Include="src\utils.c">
      <Filter>Source Files</Filter>
    </ClCompile>
    <ClCompile Include="src\shutdown_handler.c">
      <Filter>Source Files</Filter>
    </ClCompile>
    <ClCompile Include="src\version_info.c">
      <Filter>Source Files</Filter>
    </ClCompile>
    <ClCompile Include="src\shared_memory_manager.c">
      <Filter>Source Files</Filter>
    </ClCompile>
    <ClCompile Include="src\shared_memory_monitor.c">
      <Filter>Source Files</Filter>
    </ClCompile>
    <ClCompile Include="src\shared_memory_sync.c">
      <Filter>Source Files</Filter>
    </ClCompile>
  </ItemGroup>
  <ItemGroup>
    <ClInclude Include="inc\app_config.h">
      <Filter>Header Files</Filter>
    </ClInclude>
    <ClInclude Include="inc\app_error.h">
      <Filter>Header Files</Filter>
    </ClInclude>
    <ClInclude Include="inc\app_thread.h">
      <Filter>Header Files</Filter>
    </ClInclude>
    <ClInclude Include="inc\client_manager.h">
      <Filter>Header Files</Filter>
    </ClInclude>
    <ClInclude Include="inc\comm_context.h">
      <Filter>Header Files</Filter>
    </ClInclude>
    <ClInclude Include="inc\command_interface.h">
      <Filter>Header Files</Filter>
    </ClInclude>
    <ClInclude Include="inc\command_processor.h">
      <Filter>Header Files</Filter>
    </ClInclude>
    <ClInclude Include="inc\demo_heartbeat_thread.h">
      <Filter>Header Files</Filter>
    </ClInclude>
    <ClInclude Include="inc\error_types.h">
      <Filter>Header Files</Filter>
    </ClInclude>
    <ClInclude Include="inc\file_reader.h">
      <Filter>Header Files</Filter>
    </ClInclude>
    <ClInclude Include="inc\log_queue.h">
      <Filter>Header Files</Filter>
    </ClInclude>
    <ClInclude Include="inc\logger.h">
      <Filter>Header Files</Filter>
    </ClInclude>
    <ClInclude Include="inc\logger_macros.h">
      <Filter>Header Files</Filter>
    </ClInclude>
    <ClInclude Include="inc\message_queue_types.h">
      <Filter>Header Files</Filter>
    </ClInclude>
    <ClInclude Include="inc\message_types.h">
      <Filter>Header Files</Filter>
    </ClInclude>
    <ClInclude Include="inc\server_manager.h">
      <Filter>Header Files</Filter>
    </ClInclude>
    <ClInclude Include="inc\shutdown_handler.h">
      <Filter>Header Files</Filter>
    </ClInclude>
    <ClInclude Include="inc\thread_registry.h">
      <Filter>Header Files</Filter>
    </ClInclude>
    <ClInclude Include="inc\thread_registry_errors.h">
      <Filter>Header Files</Filter>
    </ClInclude>
    <ClInclude Include="inc\thread_result_errors.h">
      <Filter>Header Files</Filter>
    </ClInclude>
    <ClInclude Include="inc\thread_status_errors.h">
      <Filter>Header Files</Filter>
    </ClInclude>
    <ClInclude Include="inc\utils.h">
      <Filter>Header Files</Filter>
    </ClInclude>
    <ClInclude Include="inc\version_info.h">
      <Filter>Header Files</Filter>
    </ClInclude>
    <ClInclude Include="inc\shared_memory_manager.h">
      <Filter>Header Files</Filter>
    </ClInclude>
    <ClInclude Include="inc\shared_memory_monitor.h">
      <Filter>Header Files</Filter>
    </ClInclude>
    <ClInclude Include="inc\shared_memory_sync.h">
      <Filter>Header Files</Filter>
    </ClInclude>
  </ItemGroup>
</Project>